
Microsoft Visual Studio Solution File, Format Version 12.00
# Visual Studio Version 16
VisualStudioVersion = 16.0.30517.126
MinimumVisualStudioVersion = 10.0.40219.1
Project("{9A19103F-16F7-4668-BE54-9A1E7A4F7556}") = "Shawna Staff", "ShawnaStaffSite\Shawna Staff.csproj", "{FA32DB80-4E63-466E-8F8A-0A863CFE9166}"
EndProject
Project("{FAE04EC0-301F-11D3-BF4B-00C04F79EFBC}") = "Test2", "Test2\Test2.csproj", "{FCE150EE-FAAE-4A9D-B686-2A1F7800CAF2}"
EndProject
Global
	GlobalSection(SolutionConfigurationPlatforms) = preSolution
		Debug|Any CPU = Debug|Any CPU
		Release|Any CPU = Release|Any CPU
	EndGlobalSection
	GlobalSection(ProjectConfigurationPlatforms) = postSolution
		{FA32DB80-4E63-466E-8F8A-0A863CFE9166}.Debug|Any CPU.ActiveCfg = Debug|Any CPU
		{FA32DB80-4E63-466E-8F8A-0A863CFE9166}.Debug|Any CPU.Build.0 = Debug|Any CPU
		{FA32DB80-4E63-466E-8F8A-0A863CFE9166}.Release|Any CPU.ActiveCfg = Release|Any CPU
		{FA32DB80-4E63-466E-8F8A-0A863CFE9166}.Release|Any CPU.Build.0 = Release|Any CPU
		{FCE150EE-FAAE-4A9D-B686-2A1F7800CAF2}.Debug|Any CPU.ActiveCfg = Debug|Any CPU
		{FCE150EE-FAAE-4A9D-B686-2A1F7800CAF2}.Debug|Any CPU.Build.0 = Debug|Any CPU
		{FCE150EE-FAAE-4A9D-B686-2A1F7800CAF2}.Release|Any CPU.ActiveCfg = Release|Any CPU
		{FCE150EE-FAAE-4A9D-B686-2A1F7800CAF2}.Release|Any CPU.Build.0 = Release|Any CPU
	EndGlobalSection
	GlobalSection(SolutionProperties) = preSolution
		HideSolutionNode = FALSE
	EndGlobalSection
	GlobalSection(ExtensibilityGlobals) = postSolution
		SolutionGuid = {F677C272-1FD1-4E08-8AB0-4A73C46F5AC9}
	EndGlobalSection
EndGlobal
