
Microsoft Visual Studio Solution File, Format Version 12.00
# Visual Studio Version 16
VisualStudioVersion = 16.0.30517.126
MinimumVisualStudioVersion = 10.0.40219.1
Project("{9A19103F-16F7-4668-BE54-9A1E7A4F7556}") = "Shawna Staff", "Shawna Staff.csproj", "{4CB87C74-0601-4B42-846E-C29ADE225A27}"
EndProject
Project("{FAE04EC0-301F-11D3-BF4B-00C04F79EFBC}") = "Tests", "..\Tests\Tests.csproj", "{15F29038-BA40-4590-98A4-F954E42750A1}"
EndProject
Global
	GlobalSection(SolutionConfigurationPlatforms) = preSolution
		Debug|Any CPU = Debug|Any CPU
		Release|Any CPU = Release|Any CPU
	EndGlobalSection
	GlobalSection(ProjectConfigurationPlatforms) = postSolution
		{4CB87C74-0601-4B42-846E-C29ADE225A27}.Debug|Any CPU.ActiveCfg = Debug|Any CPU
		{4CB87C74-0601-4B42-846E-C29ADE225A27}.Debug|Any CPU.Build.0 = Debug|Any CPU
		{4CB87C74-0601-4B42-846E-C29ADE225A27}.Release|Any CPU.ActiveCfg = Release|Any CPU
		{4CB87C74-0601-4B42-846E-C29ADE225A27}.Release|Any CPU.Build.0 = Release|Any CPU
		{15F29038-BA40-4590-98A4-F954E42750A1}.Debug|Any CPU.ActiveCfg = Debug|Any CPU
		{15F29038-BA40-4590-98A4-F954E42750A1}.Debug|Any CPU.Build.0 = Debug|Any CPU
		{15F29038-BA40-4590-98A4-F954E42750A1}.Release|Any CPU.ActiveCfg = Release|Any CPU
		{15F29038-BA40-4590-98A4-F954E42750A1}.Release|Any CPU.Build.0 = Release|Any CPU
	EndGlobalSection
	GlobalSection(SolutionProperties) = preSolution
		HideSolutionNode = FALSE
	EndGlobalSection
	GlobalSection(ExtensibilityGlobals) = postSolution
		SolutionGuid = {F677C272-1FD1-4E08-8AB0-4A73C46F5AC9}
	EndGlobalSection
EndGlobal
